
Microsoft Visual Studio Solution File, Format Version 12.00
# Visual Studio 15
VisualStudioVersion = 15.0.26730.12
MinimumVisualStudioVersion = 10.0.40219.1
Project("{FAE04EC0-301F-11D3-BF4B-00C04F79EFBC}") = "TravelRecordApp.Android", "TravelRecordApp\TravelRecordApp.Android\TravelRecordApp.Android.csproj", "{703D5A66-45F5-4EE1-A6A2-EC066F56D40A}"
EndProject
Project("{FAE04EC0-301F-11D3-BF4B-00C04F79EFBC}") = "TravelRecordApp", "TravelRecordApp\TravelRecordApp\TravelRecordApp.csproj", "{3E2D9E97-A196-4883-A9C4-0A833E949788}"
EndProject
Project("{FAE04EC0-301F-11D3-BF4B-00C04F79EFBC}") = "TravelRecordApp.iOS", "TravelRecordApp\TravelRecordApp.iOS\TravelRecordApp.iOS.csproj", "{2D186184-3C71-43C4-81A9-7FE4EDB44F8D}"
EndProject
Global
	GlobalSection(SolutionConfigurationPlatforms) = preSolution
		Ad-Hoc|Any CPU = Ad-Hoc|Any CPU
		Ad-Hoc|iPhone = Ad-Hoc|iPhone
		Ad-Hoc|iPhoneSimulator = Ad-Hoc|iPhoneSimulator
		AppStore|Any CPU = AppStore|Any CPU
		AppStore|iPhone = AppStore|iPhone
		AppStore|iPhoneSimulator = AppStore|iPhoneSimulator
		Debug|Any CPU = Debug|Any CPU
		Debug|iPhone = Debug|iPhone
		Debug|iPhoneSimulator = Debug|iPhoneSimulator
		Release|Any CPU = Release|Any CPU
		Release|iPhone = Release|iPhone
		Release|iPhoneSimulator = Release|iPhoneSimulator
	EndGlobalSection
	GlobalSection(ProjectConfigurationPlatforms) = postSolution
		{703D5A66-45F5-4EE1-A6A2-EC066F56D40A}.Ad-Hoc|Any CPU.ActiveCfg = Release|Any CPU
		{703D5A66-45F5-4EE1-A6A2-EC066F56D40A}.Ad-Hoc|Any CPU.Build.0 = Release|Any CPU
		{703D5A66-45F5-4EE1-A6A2-EC066F56D40A}.Ad-Hoc|Any CPU.Deploy.0 = Release|Any CPU
		{703D5A66-45F5-4EE1-A6A2-EC066F56D40A}.Ad-Hoc|iPhone.ActiveCfg = Release|Any CPU
		{703D5A66-45F5-4EE1-A6A2-EC066F56D40A}.Ad-Hoc|iPhone.Build.0 = Release|Any CPU
		{703D5A66-45F5-4EE1-A6A2-EC066F56D40A}.Ad-Hoc|iPhone.Deploy.0 = Release|Any CPU
		{703D5A66-45F5-4EE1-A6A2-EC066F56D40A}.Ad-Hoc|iPhoneSimulator.ActiveCfg = Release|Any CPU
		{703D5A66-45F5-4EE1-A6A2-EC066F56D40A}.Ad-Hoc|iPhoneSimulator.Build.0 = Release|Any CPU
		{703D5A66-45F5-4EE1-A6A2-EC066F56D40A}.Ad-Hoc|iPhoneSimulator.Deploy.0 = Release|Any CPU
		{703D5A66-45F5-4EE1-A6A2-EC066F56D40A}.AppStore|Any CPU.ActiveCfg = Release|Any CPU
		{703D5A66-45F5-4EE1-A6A2-EC066F56D40A}.AppStore|Any CPU.Build.0 = Release|Any CPU
		{703D5A66-45F5-4EE1-A6A2-EC066F56D40A}.AppStore|Any CPU.Deploy.0 = Release|Any CPU
		{703D5A66-45F5-4EE1-A6A2-EC066F56D40A}.AppStore|iPhone.ActiveCfg = Release|Any CPU
		{703D5A66-45F5-4EE1-A6A2-EC066F56D40A}.AppStore|iPhone.Build.0 = Release|Any CPU
		{703D5A66-45F5-4EE1-A6A2-EC066F56D40A}.AppStore|iPhone.Deploy.0 = Release|Any CPU
		{703D5A66-45F5-4EE1-A6A2-EC066F56D40A}.AppStore|iPhoneSimulator.ActiveCfg = Release|Any CPU
		{703D5A66-45F5-4EE1-A6A2-EC066F56D40A}.AppStore|iPhoneSimulator.Build.0 = Release|Any CPU
		{703D5A66-45F5-4EE1-A6A2-EC066F56D40A}.AppStore|iPhoneSimulator.Deploy.0 = Release|Any CPU
		{703D5A66-45F5-4EE1-A6A2-EC066F56D40A}.Debug|Any CPU.ActiveCfg = Debug|Any CPU
		{703D5A66-45F5-4EE1-A6A2-EC066F56D40A}.Debug|Any CPU.Build.0 = Debug|Any CPU
		{703D5A66-45F5-4EE1-A6A2-EC066F56D40A}.Debug|Any CPU.Deploy.0 = Debug|Any CPU
		{703D5A66-45F5-4EE1-A6A2-EC066F56D40A}.Debug|iPhone.ActiveCfg = Debug|Any CPU
		{703D5A66-45F5-4EE1-A6A2-EC066F56D40A}.Debug|iPhone.Build.0 = Debug|Any CPU
		{703D5A66-45F5-4EE1-A6A2-EC066F56D40A}.Debug|iPhone.Deploy.0 = Debug|Any CPU
		{703D5A66-45F5-4EE1-A6A2-EC066F56D40A}.Debug|iPhoneSimulator.ActiveCfg = Debug|Any CPU
		{703D5A66-45F5-4EE1-A6A2-EC066F56D40A}.Debug|iPhoneSimulator.Build.0 = Debug|Any CPU
		{703D5A66-45F5-4EE1-A6A2-EC066F56D40A}.Debug|iPhoneSimulator.Deploy.0 = Debug|Any CPU
		{703D5A66-45F5-4EE1-A6A2-EC066F56D40A}.Release|Any CPU.ActiveCfg = Release|Any CPU
		{703D5A66-45F5-4EE1-A6A2-EC066F56D40A}.Release|Any CPU.Build.0 = Release|Any CPU
		{703D5A66-45F5-4EE1-A6A2-EC066F56D40A}.Release|Any CPU.Deploy.0 = Release|Any CPU
		{703D5A66-45F5-4EE1-A6A2-EC066F56D40A}.Release|iPhone.ActiveCfg = Release|Any CPU
		{703D5A66-45F5-4EE1-A6A2-EC066F56D40A}.Release|iPhone.Build.0 = Release|Any CPU
		{703D5A66-45F5-4EE1-A6A2-EC066F56D40A}.Release|iPhone.Deploy.0 = Release|Any CPU
		{703D5A66-45F5-4EE1-A6A2-EC066F56D40A}.Release|iPhoneSimulator.ActiveCfg = Release|Any CPU
		{703D5A66-45F5-4EE1-A6A2-EC066F56D40A}.Release|iPhoneSimulator.Build.0 = Release|Any CPU
		{703D5A66-45F5-4EE1-A6A2-EC066F56D40A}.Release|iPhoneSimulator.Deploy.0 = Release|Any CPU
		{3E2D9E97-A196-4883-A9C4-0A833E949788}.Ad-Hoc|Any CPU.ActiveCfg = Release|Any CPU
		{3E2D9E97-A196-4883-A9C4-0A833E949788}.Ad-Hoc|Any CPU.Build.0 = Release|Any CPU
		{3E2D9E97-A196-4883-A9C4-0A833E949788}.Ad-Hoc|iPhone.ActiveCfg = Release|Any CPU
		{3E2D9E97-A196-4883-A9C4-0A833E949788}.Ad-Hoc|iPhone.Build.0 = Release|Any CPU
		{3E2D9E97-A196-4883-A9C4-0A833E949788}.Ad-Hoc|iPhoneSimulator.ActiveCfg = Release|Any CPU
		{3E2D9E97-A196-4883-A9C4-0A833E949788}.Ad-Hoc|iPhoneSimulator.Build.0 = Release|Any CPU
		{3E2D9E97-A196-4883-A9C4-0A833E949788}.AppStore|Any CPU.ActiveCfg = Release|Any CPU
		{3E2D9E97-A196-4883-A9C4-0A833E949788}.AppStore|Any CPU.Build.0 = Release|Any CPU
		{3E2D9E97-A196-4883-A9C4-0A833E949788}.AppStore|iPhone.ActiveCfg = Release|Any CPU
		{3E2D9E97-A196-4883-A9C4-0A833E949788}.AppStore|iPhone.Build.0 = Release|Any CPU
		{3E2D9E97-A196-4883-A9C4-0A833E949788}.AppStore|iPhoneSimulator.ActiveCfg = Release|Any CPU
		{3E2D9E97-A196-4883-A9C4-0A833E949788}.AppStore|iPhoneSimulator.Build.0 = Release|Any CPU
		{3E2D9E97-A196-4883-A9C4-0A833E949788}.Debug|Any CPU.ActiveCfg = Debug|Any CPU
		{3E2D9E97-A196-4883-A9C4-0A833E949788}.Debug|Any CPU.Build.0 = Debug|Any CPU
		{3E2D9E97-A196-4883-A9C4-0A833E949788}.Debug|iPhone.ActiveCfg = Debug|Any CPU
		{3E2D9E97-A196-4883-A9C4-0A833E949788}.Debug|iPhone.Build.0 = Debug|Any CPU
		{3E2D9E97-A196-4883-A9C4-0A833E949788}.Debug|iPhoneSimulator.ActiveCfg = Debug|Any CPU
		{3E2D9E97-A196-4883-A9C4-0A833E949788}.Debug|iPhoneSimulator.Build.0 = Debug|Any CPU
		{3E2D9E97-A196-4883-A9C4-0A833E949788}.Release|Any CPU.ActiveCfg = Release|Any CPU
		{3E2D9E97-A196-4883-A9C4-0A833E949788}.Release|Any CPU.Build.0 = Release|Any CPU
		{3E2D9E97-A196-4883-A9C4-0A833E949788}.Release|iPhone.ActiveCfg = Release|Any CPU
		{3E2D9E97-A196-4883-A9C4-0A833E949788}.Release|iPhone.Build.0 = Release|Any CPU
		{3E2D9E97-A196-4883-A9C4-0A833E949788}.Release|iPhoneSimulator.ActiveCfg = Release|Any CPU
		{3E2D9E97-A196-4883-A9C4-0A833E949788}.Release|iPhoneSimulator.Build.0 = Release|Any CPU
		{2D186184-3C71-43C4-81A9-7FE4EDB44F8D}.Ad-Hoc|Any CPU.ActiveCfg = Ad-Hoc|iPhone
		{2D186184-3C71-43C4-81A9-7FE4EDB44F8D}.Ad-Hoc|iPhone.ActiveCfg = Ad-Hoc|iPhone
		{2D186184-3C71-43C4-81A9-7FE4EDB44F8D}.Ad-Hoc|iPhone.Build.0 = Ad-Hoc|iPhone
		{2D186184-3C71-43C4-81A9-7FE4EDB44F8D}.Ad-Hoc|iPhoneSimulator.ActiveCfg = Ad-Hoc|iPhoneSimulator
		{2D186184-3C71-43C4-81A9-7FE4EDB44F8D}.Ad-Hoc|iPhoneSimulator.Build.0 = Ad-Hoc|iPhoneSimulator
		{2D186184-3C71-43C4-81A9-7FE4EDB44F8D}.AppStore|Any CPU.ActiveCfg = AppStore|iPhone
		{2D186184-3C71-43C4-81A9-7FE4EDB44F8D}.AppStore|iPhone.ActiveCfg = AppStore|iPhone
		{2D186184-3C71-43C4-81A9-7FE4EDB44F8D}.AppStore|iPhone.Build.0 = AppStore|iPhone
		{2D186184-3C71-43C4-81A9-7FE4EDB44F8D}.AppStore|iPhoneSimulator.ActiveCfg = AppStore|iPhoneSimulator
		{2D186184-3C71-43C4-81A9-7FE4EDB44F8D}.AppStore|iPhoneSimulator.Build.0 = AppStore|iPhoneSimulator
		{2D186184-3C71-43C4-81A9-7FE4EDB44F8D}.Debug|Any CPU.ActiveCfg = Debug|iPhone
		{2D186184-3C71-43C4-81A9-7FE4EDB44F8D}.Debug|iPhone.ActiveCfg = Debug|iPhone
		{2D186184-3C71-43C4-81A9-7FE4EDB44F8D}.Debug|iPhone.Build.0 = Debug|iPhone
		{2D186184-3C71-43C4-81A9-7FE4EDB44F8D}.Debug|iPhoneSimulator.ActiveCfg = Debug|iPhoneSimulator
		{2D186184-3C71-43C4-81A9-7FE4EDB44F8D}.Debug|iPhoneSimulator.Build.0 = Debug|iPhoneSimulator
		{2D186184-3C71-43C4-81A9-7FE4EDB44F8D}.Release|Any CPU.ActiveCfg = Release|iPhone
		{2D186184-3C71-43C4-81A9-7FE4EDB44F8D}.Release|iPhone.ActiveCfg = Release|iPhone
		{2D186184-3C71-43C4-81A9-7FE4EDB44F8D}.Release|iPhone.Build.0 = Release|iPhone
		{2D186184-3C71-43C4-81A9-7FE4EDB44F8D}.Release|iPhoneSimulator.ActiveCfg = Release|iPhoneSimulator
		{2D186184-3C71-43C4-81A9-7FE4EDB44F8D}.Release|iPhoneSimulator.Build.0 = Release|iPhoneSimulator
	EndGlobalSection
	GlobalSection(SolutionProperties) = preSolution
		HideSolutionNode = FALSE
	EndGlobalSection
	GlobalSection(ExtensibilityGlobals) = postSolution
		SolutionGuid = {AA403F09-0F4C-43F5-8239-ABD341022823}
	EndGlobalSection
EndGlobal
